
Microsoft Visual Studio Solution File, Format Version 12.00
Project("{FAE04EC0-301F-11D3-BF4B-00C04F79EFBC}") = "TestЕWebApplication1", "TestЕWebApplication1\TestЕWebApplication1.csproj", "{62E70E52-2152-4AB0-8BE1-2C010ABFC102}"
EndProject
Project("{2150E333-8FDC-42A3-9474-1A3956D46DE8}") = "Solution Items", "Solution Items", "{E0BADABA-F831-488E-A7B9-FF3632602C8C}"
	ProjectSection(SolutionItems) = preProject
		docker-compose.yml = docker-compose.yml
		Dockerfile = Dockerfile
		.dockerignore = .dockerignore
	EndProjectSection
EndProject
Global
	GlobalSection(SolutionConfigurationPlatforms) = preSolution
		Debug|Any CPU = Debug|Any CPU
		Release|Any CPU = Release|Any CPU
	EndGlobalSection
	GlobalSection(ProjectConfigurationPlatforms) = postSolution
		{62E70E52-2152-4AB0-8BE1-2C010ABFC102}.Debug|Any CPU.ActiveCfg = Debug|Any CPU
		{62E70E52-2152-4AB0-8BE1-2C010ABFC102}.Debug|Any CPU.Build.0 = Debug|Any CPU
		{62E70E52-2152-4AB0-8BE1-2C010ABFC102}.Release|Any CPU.ActiveCfg = Release|Any CPU
		{62E70E52-2152-4AB0-8BE1-2C010ABFC102}.Release|Any CPU.Build.0 = Release|Any CPU
	EndGlobalSection
EndGlobal
